// !$*UTF8*$!
{
	archiveVersion = 1;
	classes = {
	};
	objectVersion = 77;
	objects = {

/* Begin PBXBuildFile section */
		66675A0E2E81D4F000BF0733 /* SFSymbolsPicker in Frameworks */ = {isa = PBXBuildFile; productRef = 66675A0D2E81D4F000BF0733 /* SFSymbolsPicker */; };
		66AC246F2E4609FB009B0C3F /* CodeEditorView in Frameworks */ = {isa = PBXBuildFile; productRef = 66AC246E2E4609FB009B0C3F /* CodeEditorView */; };
		66AC24712E4609FB009B0C3F /* LanguageSupport in Frameworks */ = {isa = PBXBuildFile; productRef = 66AC24702E4609FB009B0C3F /* LanguageSupport */; };
		66B616ED2E4CC2B6009A1857 /* SQLite in Frameworks */ = {isa = PBXBuildFile; productRef = 66B616EC2E4CC2B6009A1857 /* SQLite */; };
		66DEFBFB2E7EB4ED00BBA401 /* WidgetKit.framework in Frameworks */ = {isa = PBXBuildFile; fileRef = 66DEFBFA2E7EB4ED00BBA401 /* WidgetKit.framework */; };
		66DEFBFD2E7EB4ED00BBA401 /* SwiftUI.framework in Frameworks */ = {isa = PBXBuildFile; fileRef = 66DEFBFC2E7EB4ED00BBA401 /* SwiftUI.framework */; };
		66DEFC0A2E7EB4EE00BBA401 /* NewNoteControlExtension.appex in Embed Foundation Extensions */ = {isa = PBXBuildFile; fileRef = 66DEFBF82E7EB4ED00BBA401 /* NewNoteControlExtension.appex */; settings = {ATTRIBUTES = (RemoveHeadersOnCopy, ); }; };
		66EEDE112E3FFBDD00A899AE /* MarkdownUI in Frameworks */ = {isa = PBXBuildFile; productRef = 66EEDE102E3FFBDD00A899AE /* MarkdownUI */; };
/* End PBXBuildFile section */

/* Begin PBXContainerItemProxy section */
		66DEFC082E7EB4EE00BBA401 /* PBXContainerItemProxy */ = {
			isa = PBXContainerItemProxy;
			containerPortal = 66B690722E3FCDF20013519B /* Project object */;
			proxyType = 1;
			remoteGlobalIDString = 66DEFBF72E7EB4ED00BBA401;
			remoteInfo = NewNoteControlExtension;
		};
/* End PBXContainerItemProxy section */

/* Begin PBXCopyFilesBuildPhase section */
		66DEFC0F2E7EB4EE00BBA401 /* Embed Foundation Extensions */ = {
			isa = PBXCopyFilesBuildPhase;
			buildActionMask = 2147483647;
			dstPath = "";
			dstSubfolderSpec = 13;
			files = (
				66DEFC0A2E7EB4EE00BBA401 /* NewNoteControlExtension.appex in Embed Foundation Extensions */,
			);
			name = "Embed Foundation Extensions";
			runOnlyForDeploymentPostprocessing = 0;
		};
/* End PBXCopyFilesBuildPhase section */

/* Begin PBXFileReference section */
		66B6907A2E3FCDF20013519B /* TakeNote.app */ = {isa = PBXFileReference; explicitFileType = wrapper.application; includeInIndex = 0; path = TakeNote.app; sourceTree = BUILT_PRODUCTS_DIR; };
		66DEFBF82E7EB4ED00BBA401 /* NewNoteControlExtension.appex */ = {isa = PBXFileReference; explicitFileType = "wrapper.app-extension"; includeInIndex = 0; path = NewNoteControlExtension.appex; sourceTree = BUILT_PRODUCTS_DIR; };
		66DEFBFA2E7EB4ED00BBA401 /* WidgetKit.framework */ = {isa = PBXFileReference; lastKnownFileType = wrapper.framework; name = WidgetKit.framework; path = /System/Library/Frameworks/WidgetKit.framework; sourceTree = "<absolute>"; };
		66DEFBFC2E7EB4ED00BBA401 /* SwiftUI.framework */ = {isa = PBXFileReference; lastKnownFileType = wrapper.framework; name = SwiftUI.framework; path = /System/Library/Frameworks/SwiftUI.framework; sourceTree = "<absolute>"; };
		66DEFC182E7EBE7700BBA401 /* NewNoteControlExtension.entitlements */ = {isa = PBXFileReference; lastKnownFileType = text.plist.entitlements; path = NewNoteControlExtension.entitlements; sourceTree = "<group>"; };
/* End PBXFileReference section */

/* Begin PBXFileSystemSynchronizedBuildFileExceptionSet section */
		66D0A7522E44D623003569BC /* Exceptions for "TakeNote" folder in "TakeNote" target */ = {
			isa = PBXFileSystemSynchronizedBuildFileExceptionSet;
			membershipExceptions = (
				Info.plist,
			);
			platformFiltersByRelativePath = {
				"Launch Screen.storyboard" = (ios, );
			};
			target = 66B690792E3FCDF20013519B /* TakeNote */;
		};
		66DEFC0E2E7EB4EE00BBA401 /* Exceptions for "NewNoteControl" folder in "NewNoteControlExtension" target */ = {
			isa = PBXFileSystemSynchronizedBuildFileExceptionSet;
			membershipExceptions = (
				Info.plist,
			);
			target = 66DEFBF72E7EB4ED00BBA401 /* NewNoteControlExtension */;
		};
		66DEFC112E7EB64100BBA401 /* Exceptions for "TakeNote" folder in "NewNoteControlExtension" target */ = {
			isa = PBXFileSystemSynchronizedBuildFileExceptionSet;
			membershipExceptions = (
				AppIntents/NewNoteIntent.swift,
				Library/SnapshotController.swift,
				Models/Note.swift,
				Models/NoteContainer.swift,
				Models/NoteLink.swift,
				TakeNoteVM.swift,
			);
			target = 66DEFBF72E7EB4ED00BBA401 /* NewNoteControlExtension */;
		};
/* End PBXFileSystemSynchronizedBuildFileExceptionSet section */

/* Begin PBXFileSystemSynchronizedRootGroup section */
		66B6907C2E3FCDF20013519B /* TakeNote */ = {
			isa = PBXFileSystemSynchronizedRootGroup;
			exceptions = (
				66D0A7522E44D623003569BC /* Exceptions for "TakeNote" folder in "TakeNote" target */,
				66DEFC112E7EB64100BBA401 /* Exceptions for "TakeNote" folder in "NewNoteControlExtension" target */,
			);
			path = TakeNote;
			sourceTree = "<group>";
		};
		66DEFBFE2E7EB4ED00BBA401 /* NewNoteControl */ = {
			isa = PBXFileSystemSynchronizedRootGroup;
			exceptions = (
				66DEFC0E2E7EB4EE00BBA401 /* Exceptions for "NewNoteControl" folder in "NewNoteControlExtension" target */,
			);
			path = NewNoteControl;
			sourceTree = "<group>";
		};
/* End PBXFileSystemSynchronizedRootGroup section */

/* Begin PBXFrameworksBuildPhase section */
		66B690772E3FCDF20013519B /* Frameworks */ = {
			isa = PBXFrameworksBuildPhase;
			buildActionMask = 2147483647;
			files = (
				66B616ED2E4CC2B6009A1857 /* SQLite in Frameworks */,
				66EEDE112E3FFBDD00A899AE /* MarkdownUI in Frameworks */,
				66AC24712E4609FB009B0C3F /* LanguageSupport in Frameworks */,
				66AC246F2E4609FB009B0C3F /* CodeEditorView in Frameworks */,
				66675A0E2E81D4F000BF0733 /* SFSymbolsPicker in Frameworks */,
			);
			runOnlyForDeploymentPostprocessing = 0;
		};
		66DEFBF52E7EB4ED00BBA401 /* Frameworks */ = {
			isa = PBXFrameworksBuildPhase;
			buildActionMask = 2147483647;
			files = (
				66DEFBFD2E7EB4ED00BBA401 /* SwiftUI.framework in Frameworks */,
				66DEFBFB2E7EB4ED00BBA401 /* WidgetKit.framework in Frameworks */,
			);
			runOnlyForDeploymentPostprocessing = 0;
		};
/* End PBXFrameworksBuildPhase section */

/* Begin PBXGroup section */
		66B690712E3FCDF20013519B = {
			isa = PBXGroup;
			children = (
				66DEFC182E7EBE7700BBA401 /* NewNoteControlExtension.entitlements */,
				66B6907C2E3FCDF20013519B /* TakeNote */,
				66DEFBFE2E7EB4ED00BBA401 /* NewNoteControl */,
				66DEFBF92E7EB4ED00BBA401 /* Frameworks */,
				66B6907B2E3FCDF20013519B /* Products */,
			);
			sourceTree = "<group>";
		};
		66B6907B2E3FCDF20013519B /* Products */ = {
			isa = PBXGroup;
			children = (
				66B6907A2E3FCDF20013519B /* TakeNote.app */,
				66DEFBF82E7EB4ED00BBA401 /* NewNoteControlExtension.appex */,
			);
			name = Products;
			sourceTree = "<group>";
		};
		66DEFBF92E7EB4ED00BBA401 /* Frameworks */ = {
			isa = PBXGroup;
			children = (
				66DEFBFA2E7EB4ED00BBA401 /* WidgetKit.framework */,
				66DEFBFC2E7EB4ED00BBA401 /* SwiftUI.framework */,
			);
			name = Frameworks;
			sourceTree = "<group>";
		};
/* End PBXGroup section */

/* Begin PBXNativeTarget section */
		66B690792E3FCDF20013519B /* TakeNote */ = {
			isa = PBXNativeTarget;
			buildConfigurationList = 66B690862E3FCDF30013519B /* Build configuration list for PBXNativeTarget "TakeNote" */;
			buildPhases = (
				66B690762E3FCDF20013519B /* Sources */,
				66B690772E3FCDF20013519B /* Frameworks */,
				66B690782E3FCDF20013519B /* Resources */,
				66DEFC0F2E7EB4EE00BBA401 /* Embed Foundation Extensions */,
			);
			buildRules = (
			);
			dependencies = (
				66DEFC092E7EB4EE00BBA401 /* PBXTargetDependency */,
			);
			fileSystemSynchronizedGroups = (
				66B6907C2E3FCDF20013519B /* TakeNote */,
			);
			name = TakeNote;
			packageProductDependencies = (
				66EEDE102E3FFBDD00A899AE /* MarkdownUI */,
				66AC246E2E4609FB009B0C3F /* CodeEditorView */,
				66AC24702E4609FB009B0C3F /* LanguageSupport */,
				66B616EC2E4CC2B6009A1857 /* SQLite */,
				66675A0D2E81D4F000BF0733 /* SFSymbolsPicker */,
			);
			productName = TakeNote;
			productReference = 66B6907A2E3FCDF20013519B /* TakeNote.app */;
			productType = "com.apple.product-type.application";
		};
		66DEFBF72E7EB4ED00BBA401 /* NewNoteControlExtension */ = {
			isa = PBXNativeTarget;
			buildConfigurationList = 66DEFC0B2E7EB4EE00BBA401 /* Build configuration list for PBXNativeTarget "NewNoteControlExtension" */;
			buildPhases = (
				66DEFBF42E7EB4ED00BBA401 /* Sources */,
				66DEFBF52E7EB4ED00BBA401 /* Frameworks */,
				66DEFBF62E7EB4ED00BBA401 /* Resources */,
			);
			buildRules = (
			);
			dependencies = (
			);
			fileSystemSynchronizedGroups = (
				66DEFBFE2E7EB4ED00BBA401 /* NewNoteControl */,
			);
			name = NewNoteControlExtension;
			packageProductDependencies = (
			);
			productName = NewNoteControlExtension;
			productReference = 66DEFBF82E7EB4ED00BBA401 /* NewNoteControlExtension.appex */;
			productType = "com.apple.product-type.app-extension";
		};
/* End PBXNativeTarget section */

/* Begin PBXProject section */
		66B690722E3FCDF20013519B /* Project object */ = {
			isa = PBXProject;
			attributes = {
				BuildIndependentTargetsInParallel = 1;
				LastSwiftUpdateCheck = 2600;
				LastUpgradeCheck = 2600;
				TargetAttributes = {
					66B690792E3FCDF20013519B = {
						CreatedOnToolsVersion = 16.4;
					};
					66DEFBF72E7EB4ED00BBA401 = {
						CreatedOnToolsVersion = 26.0;
					};
				};
			};
			buildConfigurationList = 66B690752E3FCDF20013519B /* Build configuration list for PBXProject "TakeNote" */;
			developmentRegion = en;
			hasScannedForEncodings = 0;
			knownRegions = (
				en,
				Base,
			);
			mainGroup = 66B690712E3FCDF20013519B;
			minimizedProjectReferenceProxies = 1;
			packageReferences = (
				66EEDE0F2E3FFBDD00A899AE /* XCRemoteSwiftPackageReference "swift-markdown-ui" */,
				66AC246D2E4609FB009B0C3F /* XCRemoteSwiftPackageReference "CodeEditorView" */,
				66B616EB2E4CC2B6009A1857 /* XCRemoteSwiftPackageReference "SQLite" */,
				66675A0C2E81D4F000BF0733 /* XCRemoteSwiftPackageReference "SFSymbolsPicker" */,
			);
			preferredProjectObjectVersion = 77;
			productRefGroup = 66B6907B2E3FCDF20013519B /* Products */;
			projectDirPath = "";
			projectRoot = "";
			targets = (
				66B690792E3FCDF20013519B /* TakeNote */,
				66DEFBF72E7EB4ED00BBA401 /* NewNoteControlExtension */,
			);
		};
/* End PBXProject section */

/* Begin PBXResourcesBuildPhase section */
		66B690782E3FCDF20013519B /* Resources */ = {
			isa = PBXResourcesBuildPhase;
			buildActionMask = 2147483647;
			files = (
			);
			runOnlyForDeploymentPostprocessing = 0;
		};
		66DEFBF62E7EB4ED00BBA401 /* Resources */ = {
			isa = PBXResourcesBuildPhase;
			buildActionMask = 2147483647;
			files = (
			);
			runOnlyForDeploymentPostprocessing = 0;
		};
/* End PBXResourcesBuildPhase section */

/* Begin PBXSourcesBuildPhase section */
		66B690762E3FCDF20013519B /* Sources */ = {
			isa = PBXSourcesBuildPhase;
			buildActionMask = 2147483647;
			files = (
			);
			runOnlyForDeploymentPostprocessing = 0;
		};
		66DEFBF42E7EB4ED00BBA401 /* Sources */ = {
			isa = PBXSourcesBuildPhase;
			buildActionMask = 2147483647;
			files = (
			);
			runOnlyForDeploymentPostprocessing = 0;
		};
/* End PBXSourcesBuildPhase section */

/* Begin PBXTargetDependency section */
		66DEFC092E7EB4EE00BBA401 /* PBXTargetDependency */ = {
			isa = PBXTargetDependency;
			target = 66DEFBF72E7EB4ED00BBA401 /* NewNoteControlExtension */;
			targetProxy = 66DEFC082E7EB4EE00BBA401 /* PBXContainerItemProxy */;
		};
/* End PBXTargetDependency section */

/* Begin XCBuildConfiguration section */
		66B690842E3FCDF30013519B /* Debug */ = {
			isa = XCBuildConfiguration;
			buildSettings = {
				ALWAYS_SEARCH_USER_PATHS = NO;
				ASSETCATALOG_COMPILER_GENERATE_SWIFT_ASSET_SYMBOL_EXTENSIONS = YES;
				CLANG_ANALYZER_NONNULL = YES;
				CLANG_ANALYZER_NUMBER_OBJECT_CONVERSION = YES_AGGRESSIVE;
				CLANG_CXX_LANGUAGE_STANDARD = "gnu++20";
				CLANG_ENABLE_MODULES = YES;
				CLANG_ENABLE_OBJC_ARC = YES;
				CLANG_ENABLE_OBJC_WEAK = YES;
				CLANG_WARN_BLOCK_CAPTURE_AUTORELEASING = YES;
				CLANG_WARN_BOOL_CONVERSION = YES;
				CLANG_WARN_COMMA = YES;
				CLANG_WARN_CONSTANT_CONVERSION = YES;
				CLANG_WARN_DEPRECATED_OBJC_IMPLEMENTATIONS = YES;
				CLANG_WARN_DIRECT_OBJC_ISA_USAGE = YES_ERROR;
				CLANG_WARN_DOCUMENTATION_COMMENTS = YES;
				CLANG_WARN_EMPTY_BODY = YES;
				CLANG_WARN_ENUM_CONVERSION = YES;
				CLANG_WARN_INFINITE_RECURSION = YES;
				CLANG_WARN_INT_CONVERSION = YES;
				CLANG_WARN_NON_LITERAL_NULL_CONVERSION = YES;
				CLANG_WARN_OBJC_IMPLICIT_RETAIN_SELF = YES;
				CLANG_WARN_OBJC_LITERAL_CONVERSION = YES;
				CLANG_WARN_OBJC_ROOT_CLASS = YES_ERROR;
				CLANG_WARN_QUOTED_INCLUDE_IN_FRAMEWORK_HEADER = YES;
				CLANG_WARN_RANGE_LOOP_ANALYSIS = YES;
				CLANG_WARN_STRICT_PROTOTYPES = YES;
				CLANG_WARN_SUSPICIOUS_MOVE = YES;
				CLANG_WARN_UNGUARDED_AVAILABILITY = YES_AGGRESSIVE;
				CLANG_WARN_UNREACHABLE_CODE = YES;
				CLANG_WARN__DUPLICATE_METHOD_MATCH = YES;
				COPY_PHASE_STRIP = NO;
				DEAD_CODE_STRIPPING = YES;
				DEBUG_INFORMATION_FORMAT = dwarf;
				ENABLE_STRICT_OBJC_MSGSEND = YES;
				ENABLE_TESTABILITY = YES;
				ENABLE_USER_SCRIPT_SANDBOXING = YES;
				GCC_C_LANGUAGE_STANDARD = gnu17;
				GCC_DYNAMIC_NO_PIC = NO;
				GCC_NO_COMMON_BLOCKS = YES;
				GCC_OPTIMIZATION_LEVEL = 0;
				GCC_PREPROCESSOR_DEFINITIONS = (
					"DEBUG=1",
					"$(inherited)",
				);
				GCC_WARN_64_TO_32_BIT_CONVERSION = YES;
				GCC_WARN_ABOUT_RETURN_TYPE = YES_ERROR;
				GCC_WARN_UNDECLARED_SELECTOR = YES;
				GCC_WARN_UNINITIALIZED_AUTOS = YES_AGGRESSIVE;
				GCC_WARN_UNUSED_FUNCTION = YES;
				GCC_WARN_UNUSED_VARIABLE = YES;
				LOCALIZATION_PREFERS_STRING_CATALOGS = YES;
				MACOSX_DEPLOYMENT_TARGET = 26.0;
				MTL_ENABLE_DEBUG_INFO = INCLUDE_SOURCE;
				MTL_FAST_MATH = YES;
				ONLY_ACTIVE_ARCH = YES;
				SDKROOT = macosx26.0;
				STRING_CATALOG_GENERATE_SYMBOLS = YES;
				SWIFT_ACTIVE_COMPILATION_CONDITIONS = "DEBUG $(inherited)";
				SWIFT_OPTIMIZATION_LEVEL = "-Onone";
			};
			name = Debug;
		};
		66B690852E3FCDF30013519B /* Release */ = {
			isa = XCBuildConfiguration;
			buildSettings = {
				ALWAYS_SEARCH_USER_PATHS = NO;
				ASSETCATALOG_COMPILER_GENERATE_SWIFT_ASSET_SYMBOL_EXTENSIONS = YES;
				CLANG_ANALYZER_NONNULL = YES;
				CLANG_ANALYZER_NUMBER_OBJECT_CONVERSION = YES_AGGRESSIVE;
				CLANG_CXX_LANGUAGE_STANDARD = "gnu++20";
				CLANG_ENABLE_MODULES = YES;
				CLANG_ENABLE_OBJC_ARC = YES;
				CLANG_ENABLE_OBJC_WEAK = YES;
				CLANG_WARN_BLOCK_CAPTURE_AUTORELEASING = YES;
				CLANG_WARN_BOOL_CONVERSION = YES;
				CLANG_WARN_COMMA = YES;
				CLANG_WARN_CONSTANT_CONVERSION = YES;
				CLANG_WARN_DEPRECATED_OBJC_IMPLEMENTATIONS = YES;
				CLANG_WARN_DIRECT_OBJC_ISA_USAGE = YES_ERROR;
				CLANG_WARN_DOCUMENTATION_COMMENTS = YES;
				CLANG_WARN_EMPTY_BODY = YES;
				CLANG_WARN_ENUM_CONVERSION = YES;
				CLANG_WARN_INFINITE_RECURSION = YES;
				CLANG_WARN_INT_CONVERSION = YES;
				CLANG_WARN_NON_LITERAL_NULL_CONVERSION = YES;
				CLANG_WARN_OBJC_IMPLICIT_RETAIN_SELF = YES;
				CLANG_WARN_OBJC_LITERAL_CONVERSION = YES;
				CLANG_WARN_OBJC_ROOT_CLASS = YES_ERROR;
				CLANG_WARN_QUOTED_INCLUDE_IN_FRAMEWORK_HEADER = YES;
				CLANG_WARN_RANGE_LOOP_ANALYSIS = YES;
				CLANG_WARN_STRICT_PROTOTYPES = YES;
				CLANG_WARN_SUSPICIOUS_MOVE = YES;
				CLANG_WARN_UNGUARDED_AVAILABILITY = YES_AGGRESSIVE;
				CLANG_WARN_UNREACHABLE_CODE = YES;
				CLANG_WARN__DUPLICATE_METHOD_MATCH = YES;
				COPY_PHASE_STRIP = NO;
				DEAD_CODE_STRIPPING = YES;
				DEBUG_INFORMATION_FORMAT = "dwarf-with-dsym";
				ENABLE_NS_ASSERTIONS = NO;
				ENABLE_STRICT_OBJC_MSGSEND = YES;
				ENABLE_USER_SCRIPT_SANDBOXING = YES;
				GCC_C_LANGUAGE_STANDARD = gnu17;
				GCC_NO_COMMON_BLOCKS = YES;
				GCC_WARN_64_TO_32_BIT_CONVERSION = YES;
				GCC_WARN_ABOUT_RETURN_TYPE = YES_ERROR;
				GCC_WARN_UNDECLARED_SELECTOR = YES;
				GCC_WARN_UNINITIALIZED_AUTOS = YES_AGGRESSIVE;
				GCC_WARN_UNUSED_FUNCTION = YES;
				GCC_WARN_UNUSED_VARIABLE = YES;
				LOCALIZATION_PREFERS_STRING_CATALOGS = YES;
				MACOSX_DEPLOYMENT_TARGET = 26.0;
				MTL_ENABLE_DEBUG_INFO = NO;
				MTL_FAST_MATH = YES;
				SDKROOT = macosx26.0;
				STRING_CATALOG_GENERATE_SYMBOLS = YES;
				SWIFT_COMPILATION_MODE = wholemodule;
			};
			name = Release;
		};
		66B690872E3FCDF30013519B /* Debug */ = {
			isa = XCBuildConfiguration;
			buildSettings = {
				ASSETCATALOG_COMPILER_APPICON_NAME = "TakeNote Icon";
				"ASSETCATALOG_COMPILER_APPICON_NAME[sdk=macosx*]" = "TakeNote Icon";
				ASSETCATALOG_COMPILER_GLOBAL_ACCENT_COLOR_NAME = TakeNotePink;
				ASSETCATALOG_COMPILER_INCLUDE_ALL_APPICON_ASSETS = YES;
				AUTOMATION_APPLE_EVENTS = NO;
				CODE_SIGN_ENTITLEMENTS = TakeNote/TakeNote.entitlements;
				CODE_SIGN_STYLE = Automatic;
				COMBINE_HIDPI_IMAGES = YES;
				CURRENT_PROJECT_VERSION = 5;
				DEAD_CODE_STRIPPING = YES;
				DEVELOPMENT_TEAM = P8645Z2MB8;
				ENABLE_APP_SANDBOX = YES;
				ENABLE_HARDENED_RUNTIME = YES;
				ENABLE_INCOMING_NETWORK_CONNECTIONS = NO;
				ENABLE_OUTGOING_NETWORK_CONNECTIONS = YES;
				ENABLE_PREVIEWS = YES;
				ENABLE_RESOURCE_ACCESS_AUDIO_INPUT = NO;
				ENABLE_RESOURCE_ACCESS_BLUETOOTH = NO;
				ENABLE_RESOURCE_ACCESS_CALENDARS = NO;
				ENABLE_RESOURCE_ACCESS_CAMERA = NO;
				ENABLE_RESOURCE_ACCESS_CONTACTS = NO;
				ENABLE_RESOURCE_ACCESS_LOCATION = NO;
				ENABLE_RESOURCE_ACCESS_PHOTO_LIBRARY = NO;
				ENABLE_RESOURCE_ACCESS_PRINTING = NO;
				ENABLE_RESOURCE_ACCESS_USB = NO;
				ENABLE_USER_SELECTED_FILES = readwrite;
				GENERATE_INFOPLIST_FILE = YES;
				INFOPLIST_FILE = TakeNote/Info.plist;
				INFOPLIST_KEY_CFBundleDisplayName = TakeNote;
				INFOPLIST_KEY_LSApplicationCategoryType = "public.app-category.productivity";
				INFOPLIST_KEY_NSHumanReadableCopyright = "";
				INFOPLIST_KEY_UILaunchStoryboardName = "Launch Screen";
				INFOPLIST_KEY_UIStatusBarStyle = "";
				INFOPLIST_KEY_UISupportedInterfaceOrientations = "UIInterfaceOrientationLandscapeLeft UIInterfaceOrientationLandscapeRight UIInterfaceOrientationPortrait";
				INFOPLIST_KEY_UISupportedInterfaceOrientations_iPad = "UIInterfaceOrientationLandscapeLeft UIInterfaceOrientationLandscapeRight UIInterfaceOrientationPortrait UIInterfaceOrientationPortraitUpsideDown";
				IPHONEOS_DEPLOYMENT_TARGET = 26.0;
				LD_RUNPATH_SEARCH_PATHS = (
					"$(inherited)",
					"@executable_path/../Frameworks",
				);
				MACOSX_DEPLOYMENT_TARGET = 26.0;
				MARKETING_VERSION = 1.1.1;
				PRODUCT_BUNDLE_IDENTIFIER = com.adamdrew.takenote;
				PRODUCT_NAME = "$(TARGET_NAME)";
				REGISTER_APP_GROUPS = YES;
				RUNTIME_EXCEPTION_ALLOW_DYLD_ENVIRONMENT_VARIABLES = NO;
				RUNTIME_EXCEPTION_ALLOW_JIT = NO;
				RUNTIME_EXCEPTION_ALLOW_UNSIGNED_EXECUTABLE_MEMORY = NO;
				RUNTIME_EXCEPTION_DEBUGGING_TOOL = NO;
				RUNTIME_EXCEPTION_DISABLE_EXECUTABLE_PAGE_PROTECTION = NO;
				RUNTIME_EXCEPTION_DISABLE_LIBRARY_VALIDATION = NO;
				SDKROOT = macosx;
				SUPPORTED_PLATFORMS = "iphoneos iphonesimulator macosx";
				SUPPORTS_MACCATALYST = NO;
				SWIFT_EMIT_LOC_STRINGS = YES;
				SWIFT_VERSION = 5.0;
				TARGETED_DEVICE_FAMILY = "1,2";
				XROS_DEPLOYMENT_TARGET = 26.0;
			};
			name = Debug;
		};
		66B690882E3FCDF30013519B /* Release */ = {
			isa = XCBuildConfiguration;
			buildSettings = {
				ASSETCATALOG_COMPILER_APPICON_NAME = "TakeNote Icon";
				"ASSETCATALOG_COMPILER_APPICON_NAME[sdk=macosx*]" = "TakeNote Icon";
				ASSETCATALOG_COMPILER_GLOBAL_ACCENT_COLOR_NAME = TakeNotePink;
				ASSETCATALOG_COMPILER_INCLUDE_ALL_APPICON_ASSETS = YES;
				AUTOMATION_APPLE_EVENTS = NO;
				CODE_SIGN_ENTITLEMENTS = TakeNote/TakeNote.entitlements;
				CODE_SIGN_STYLE = Automatic;
				COMBINE_HIDPI_IMAGES = YES;
				CURRENT_PROJECT_VERSION = 5;
				DEAD_CODE_STRIPPING = YES;
				DEVELOPMENT_TEAM = P8645Z2MB8;
				ENABLE_APP_SANDBOX = YES;
				ENABLE_HARDENED_RUNTIME = YES;
				ENABLE_INCOMING_NETWORK_CONNECTIONS = NO;
				ENABLE_OUTGOING_NETWORK_CONNECTIONS = YES;
				ENABLE_PREVIEWS = YES;
				ENABLE_RESOURCE_ACCESS_AUDIO_INPUT = NO;
				ENABLE_RESOURCE_ACCESS_BLUETOOTH = NO;
				ENABLE_RESOURCE_ACCESS_CALENDARS = NO;
				ENABLE_RESOURCE_ACCESS_CAMERA = NO;
				ENABLE_RESOURCE_ACCESS_CONTACTS = NO;
				ENABLE_RESOURCE_ACCESS_LOCATION = NO;
				ENABLE_RESOURCE_ACCESS_PHOTO_LIBRARY = NO;
				ENABLE_RESOURCE_ACCESS_PRINTING = NO;
				ENABLE_RESOURCE_ACCESS_USB = NO;
				ENABLE_USER_SELECTED_FILES = readwrite;
				GENERATE_INFOPLIST_FILE = YES;
				INFOPLIST_FILE = TakeNote/Info.plist;
				INFOPLIST_KEY_CFBundleDisplayName = TakeNote;
				INFOPLIST_KEY_LSApplicationCategoryType = "public.app-category.productivity";
				INFOPLIST_KEY_NSHumanReadableCopyright = "";
				INFOPLIST_KEY_UILaunchStoryboardName = "Launch Screen";
				INFOPLIST_KEY_UIStatusBarStyle = "";
				INFOPLIST_KEY_UISupportedInterfaceOrientations = "UIInterfaceOrientationLandscapeLeft UIInterfaceOrientationLandscapeRight UIInterfaceOrientationPortrait";
				INFOPLIST_KEY_UISupportedInterfaceOrientations_iPad = "UIInterfaceOrientationLandscapeLeft UIInterfaceOrientationLandscapeRight UIInterfaceOrientationPortrait UIInterfaceOrientationPortraitUpsideDown";
				IPHONEOS_DEPLOYMENT_TARGET = 26.0;
				LD_RUNPATH_SEARCH_PATHS = (
					"$(inherited)",
					"@executable_path/../Frameworks",
				);
				MACOSX_DEPLOYMENT_TARGET = 26.0;
				MARKETING_VERSION = 1.1.1;
				PRODUCT_BUNDLE_IDENTIFIER = com.adamdrew.takenote;
				PRODUCT_NAME = "$(TARGET_NAME)";
				REGISTER_APP_GROUPS = YES;
				RUNTIME_EXCEPTION_ALLOW_DYLD_ENVIRONMENT_VARIABLES = NO;
				RUNTIME_EXCEPTION_ALLOW_JIT = NO;
				RUNTIME_EXCEPTION_ALLOW_UNSIGNED_EXECUTABLE_MEMORY = NO;
				RUNTIME_EXCEPTION_DEBUGGING_TOOL = NO;
				RUNTIME_EXCEPTION_DISABLE_EXECUTABLE_PAGE_PROTECTION = NO;
				RUNTIME_EXCEPTION_DISABLE_LIBRARY_VALIDATION = NO;
				SDKROOT = macosx;
				SUPPORTED_PLATFORMS = "iphoneos iphonesimulator macosx";
				SUPPORTS_MACCATALYST = NO;
				SWIFT_EMIT_LOC_STRINGS = YES;
				SWIFT_VERSION = 5.0;
				TARGETED_DEVICE_FAMILY = "1,2";
				XROS_DEPLOYMENT_TARGET = 26.0;
			};
			name = Release;
		};
		66DEFC0C2E7EB4EE00BBA401 /* Debug */ = {
			isa = XCBuildConfiguration;
			buildSettings = {
				ASSETCATALOG_COMPILER_GLOBAL_ACCENT_COLOR_NAME = AccentColor;
				ASSETCATALOG_COMPILER_WIDGET_BACKGROUND_COLOR_NAME = WidgetBackground;
				CODE_SIGN_ENTITLEMENTS = NewNoteControlExtension.entitlements;
				CODE_SIGN_STYLE = Automatic;
				CURRENT_PROJECT_VERSION = 5;
				DEVELOPMENT_TEAM = P8645Z2MB8;
				ENABLE_APP_SANDBOX = YES;
				ENABLE_HARDENED_RUNTIME = YES;
				GENERATE_INFOPLIST_FILE = YES;
				INFOPLIST_FILE = NewNoteControl/Info.plist;
				INFOPLIST_KEY_CFBundleDisplayName = NewNoteControl;
				INFOPLIST_KEY_NSHumanReadableCopyright = "";
				IPHONEOS_DEPLOYMENT_TARGET = 26.0;
				LD_RUNPATH_SEARCH_PATHS = (
					"$(inherited)",
					"@executable_path/Frameworks",
					"@executable_path/../../Frameworks",
				);
				"LD_RUNPATH_SEARCH_PATHS[sdk=macosx*]" = (
					"$(inherited)",
					"@executable_path/../Frameworks",
					"@executable_path/../../../../Frameworks",
				);
				MACOSX_DEPLOYMENT_TARGET = 26.0;
				MARKETING_VERSION = 1.1.1;
				PRODUCT_BUNDLE_IDENTIFIER = com.adamdrew.takenote.NewNoteControl;
				PRODUCT_NAME = "$(TARGET_NAME)";
				REGISTER_APP_GROUPS = YES;
				SDKROOT = auto;
				SKIP_INSTALL = YES;
				STRING_CATALOG_GENERATE_SYMBOLS = YES;
				SUPPORTED_PLATFORMS = "iphoneos iphonesimulator macosx xros xrsimulator";
				SWIFT_APPROACHABLE_CONCURRENCY = YES;
				SWIFT_EMIT_LOC_STRINGS = YES;
				SWIFT_UPCOMING_FEATURE_MEMBER_IMPORT_VISIBILITY = YES;
				SWIFT_VERSION = 5.0;
				TARGETED_DEVICE_FAMILY = "1,2,7";
				XROS_DEPLOYMENT_TARGET = 26.0;
			};
			name = Debug;
		};
		66DEFC0D2E7EB4EE00BBA401 /* Release */ = {
			isa = XCBuildConfiguration;
			buildSettings = {
				ASSETCATALOG_COMPILER_GLOBAL_ACCENT_COLOR_NAME = AccentColor;
				ASSETCATALOG_COMPILER_WIDGET_BACKGROUND_COLOR_NAME = WidgetBackground;
				CODE_SIGN_ENTITLEMENTS = NewNoteControlExtension.entitlements;
				CODE_SIGN_STYLE = Automatic;
				CURRENT_PROJECT_VERSION = 5;
				DEVELOPMENT_TEAM = P8645Z2MB8;
				ENABLE_APP_SANDBOX = YES;
				ENABLE_HARDENED_RUNTIME = YES;
				GENERATE_INFOPLIST_FILE = YES;
				INFOPLIST_FILE = NewNoteControl/Info.plist;
				INFOPLIST_KEY_CFBundleDisplayName = NewNoteControl;
				INFOPLIST_KEY_NSHumanReadableCopyright = "";
				IPHONEOS_DEPLOYMENT_TARGET = 26.0;
				LD_RUNPATH_SEARCH_PATHS = (
					"$(inherited)",
					"@executable_path/Frameworks",
					"@executable_path/../../Frameworks",
				);
				"LD_RUNPATH_SEARCH_PATHS[sdk=macosx*]" = (
					"$(inherited)",
					"@executable_path/../Frameworks",
					"@executable_path/../../../../Frameworks",
				);
				MACOSX_DEPLOYMENT_TARGET = 26.0;
				MARKETING_VERSION = 1.1.1;
				PRODUCT_BUNDLE_IDENTIFIER = com.adamdrew.takenote.NewNoteControl;
				PRODUCT_NAME = "$(TARGET_NAME)";
				REGISTER_APP_GROUPS = YES;
				SDKROOT = auto;
				SKIP_INSTALL = YES;
				STRING_CATALOG_GENERATE_SYMBOLS = YES;
				SUPPORTED_PLATFORMS = "iphoneos iphonesimulator macosx xros xrsimulator";
				SWIFT_APPROACHABLE_CONCURRENCY = YES;
				SWIFT_EMIT_LOC_STRINGS = YES;
				SWIFT_UPCOMING_FEATURE_MEMBER_IMPORT_VISIBILITY = YES;
				SWIFT_VERSION = 5.0;
				TARGETED_DEVICE_FAMILY = "1,2,7";
				XROS_DEPLOYMENT_TARGET = 26.0;
			};
			name = Release;
		};
/* End XCBuildConfiguration section */

/* Begin XCConfigurationList section */
		66B690752E3FCDF20013519B /* Build configuration list for PBXProject "TakeNote" */ = {
			isa = XCConfigurationList;
			buildConfigurations = (
				66B690842E3FCDF30013519B /* Debug */,
				66B690852E3FCDF30013519B /* Release */,
			);
			defaultConfigurationIsVisible = 0;
			defaultConfigurationName = Release;
		};
		66B690862E3FCDF30013519B /* Build configuration list for PBXNativeTarget "TakeNote" */ = {
			isa = XCConfigurationList;
			buildConfigurations = (
				66B690872E3FCDF30013519B /* Debug */,
				66B690882E3FCDF30013519B /* Release */,
			);
			defaultConfigurationIsVisible = 0;
			defaultConfigurationName = Release;
		};
		66DEFC0B2E7EB4EE00BBA401 /* Build configuration list for PBXNativeTarget "NewNoteControlExtension" */ = {
			isa = XCConfigurationList;
			buildConfigurations = (
				66DEFC0C2E7EB4EE00BBA401 /* Debug */,
				66DEFC0D2E7EB4EE00BBA401 /* Release */,
			);
			defaultConfigurationIsVisible = 0;
			defaultConfigurationName = Release;
		};
/* End XCConfigurationList section */

/* Begin XCRemoteSwiftPackageReference section */
		66675A0C2E81D4F000BF0733 /* XCRemoteSwiftPackageReference "SFSymbolsPicker" */ = {
			isa = XCRemoteSwiftPackageReference;
			repositoryURL = "https://github.com/alessiorubicini/SFSymbolsPicker";
			requirement = {
				kind = upToNextMajorVersion;
				minimumVersion = 1.0.7;
			};
		};
		66AC246D2E4609FB009B0C3F /* XCRemoteSwiftPackageReference "CodeEditorView" */ = {
			isa = XCRemoteSwiftPackageReference;
			repositoryURL = "https://github.com/mchakravarty/CodeEditorView";
			requirement = {
				kind = upToNextMajorVersion;
				minimumVersion = 0.15.4;
			};
		};
		66B616EB2E4CC2B6009A1857 /* XCRemoteSwiftPackageReference "SQLite" */ = {
			isa = XCRemoteSwiftPackageReference;
			repositoryURL = "https://github.com/stephencelis/SQLite.swift";
			requirement = {
				kind = upToNextMajorVersion;
				minimumVersion = 0.15.4;
			};
		};
		66EEDE0F2E3FFBDD00A899AE /* XCRemoteSwiftPackageReference "swift-markdown-ui" */ = {
			isa = XCRemoteSwiftPackageReference;
			repositoryURL = "https://github.com/gonzalezreal/swift-markdown-ui";
			requirement = {
				kind = upToNextMajorVersion;
				minimumVersion = 2.4.1;
			};
		};
/* End XCRemoteSwiftPackageReference section */

/* Begin XCSwiftPackageProductDependency section */
		66675A0D2E81D4F000BF0733 /* SFSymbolsPicker */ = {
			isa = XCSwiftPackageProductDependency;
			package = 66675A0C2E81D4F000BF0733 /* XCRemoteSwiftPackageReference "SFSymbolsPicker" */;
			productName = SFSymbolsPicker;
		};
		66AC246E2E4609FB009B0C3F /* CodeEditorView */ = {
			isa = XCSwiftPackageProductDependency;
			package = 66AC246D2E4609FB009B0C3F /* XCRemoteSwiftPackageReference "CodeEditorView" */;
			productName = CodeEditorView;
		};
		66AC24702E4609FB009B0C3F /* LanguageSupport */ = {
			isa = XCSwiftPackageProductDependency;
			package = 66AC246D2E4609FB009B0C3F /* XCRemoteSwiftPackageReference "CodeEditorView" */;
			productName = LanguageSupport;
		};
		66B616EC2E4CC2B6009A1857 /* SQLite */ = {
			isa = XCSwiftPackageProductDependency;
			package = 66B616EB2E4CC2B6009A1857 /* XCRemoteSwiftPackageReference "SQLite" */;
			productName = SQLite;
		};
		66EEDE102E3FFBDD00A899AE /* MarkdownUI */ = {
			isa = XCSwiftPackageProductDependency;
			package = 66EEDE0F2E3FFBDD00A899AE /* XCRemoteSwiftPackageReference "swift-markdown-ui" */;
			productName = MarkdownUI;
		};
/* End XCSwiftPackageProductDependency section */
	};
	rootObject = 66B690722E3FCDF20013519B /* Project object */;
}
